
Microsoft Visual Studio Solution File, Format Version 12.00
# Visual Studio Version 16
VisualStudioVersion = 16.0.29230.47
MinimumVisualStudioVersion = 10.0.40219.1
Project("{FAE04EC0-301F-11D3-BF4B-00C04F79EFBC}") = "Integers", "Integers\Integers.csproj", "{D8C9C21B-7F7B-4B0B-BBB1-BC044DD62E76}"
EndProject
Global
	GlobalSection(SolutionConfigurationPlatforms) = preSolution
		Debug|Any CPU = Debug|Any CPU
		Release|Any CPU = Release|Any CPU
	EndGlobalSection
	GlobalSection(ProjectConfigurationPlatforms) = postSolution
		{D8C9C21B-7F7B-4B0B-BBB1-BC044DD62E76}.Debug|Any CPU.ActiveCfg = Debug|Any CPU
		{D8C9C21B-7F7B-4B0B-BBB1-BC044DD62E76}.Debug|Any CPU.Build.0 = Debug|Any CPU
		{D8C9C21B-7F7B-4B0B-BBB1-BC044DD62E76}.Release|Any CPU.ActiveCfg = Release|Any CPU
		{D8C9C21B-7F7B-4B0B-BBB1-BC044DD62E76}.Release|Any CPU.Build.0 = Release|Any CPU
	EndGlobalSection
	GlobalSection(SolutionProperties) = preSolution
		HideSolutionNode = FALSE
	EndGlobalSection
	GlobalSection(ExtensibilityGlobals) = postSolution
		SolutionGuid = {552D02EA-00E5-4989-91AB-3DFDB0772A5C}
	EndGlobalSection
EndGlobal
